
Microsoft Visual Studio Solution File, Format Version 12.00
# Visual Studio Version 17
VisualStudioVersion = 17.12.35527.113 d17.12
MinimumVisualStudioVersion = 10.0.40219.1
Project("{FAE04EC0-301F-11D3-BF4B-00C04F79EFBC}") = "GreaterACT6", "GreaterACT6.csproj", "{F4C6939E-875A-43D5-BFEF-AB614F848DB5}"
EndProject
Global
	GlobalSection(SolutionConfigurationPlatforms) = preSolution
		Debug|Any CPU = Debug|Any CPU
		Release|Any CPU = Release|Any CPU
	EndGlobalSection
	GlobalSection(ProjectConfigurationPlatforms) = postSolution
		{F4C6939E-875A-43D5-BFEF-AB614F848DB5}.Debug|Any CPU.ActiveCfg = Debug|Any CPU
		{F4C6939E-875A-43D5-BFEF-AB614F848DB5}.Debug|Any CPU.Build.0 = Debug|Any CPU
		{F4C6939E-875A-43D5-BFEF-AB614F848DB5}.Release|Any CPU.ActiveCfg = Release|Any CPU
		{F4C6939E-875A-43D5-BFEF-AB614F848DB5}.Release|Any CPU.Build.0 = Release|Any CPU
	EndGlobalSection
	GlobalSection(SolutionProperties) = preSolution
		HideSolutionNode = FALSE
	EndGlobalSection
EndGlobal
